
Microsoft Visual Studio Solution File, Format Version 12.00
# Visual Studio Version 17
VisualStudioVersion = 17.7.34024.191
MinimumVisualStudioVersion = 10.0.40219.1
Project("{9A19103F-16F7-4668-BE54-9A1E7A4F7556}") = "KullaniciKayitSistemi", "KullaniciKayitSistemi\KullaniciKayitSistemi.csproj", "{4F8C9EAD-14DD-4E12-A820-A0FA9A8CCE56}"
EndProject
Project("{9A19103F-16F7-4668-BE54-9A1E7A4F7556}") = "KayitSistemiApi", "KayitSistemiApi\KayitSistemiApi.csproj", "{FE6059B0-28CB-43B3-93CF-62E5EADC298C}"
EndProject
Project("{2150E333-8FDC-42A3-9474-1A3956D46DE8}") = "Çözüm Öğeleri", "Çözüm Öğeleri", "{BE86832F-DB0E-46E5-B310-08A20CC0F365}"
	ProjectSection(SolutionItems) = preProject
		docker-compose.yml = docker-compose.yml
	EndProjectSection
EndProject
Project("{FAE04EC0-301F-11D3-BF4B-00C04F79EFBC}") = "KullaniciApiUnit", "KullaniciApiUnit\KullaniciApiUnit.csproj", "{813D4406-0D0D-4FDA-8881-59A229A3291A}"
EndProject
Global
	GlobalSection(SolutionConfigurationPlatforms) = preSolution
		Debug|Any CPU = Debug|Any CPU
		Release|Any CPU = Release|Any CPU
	EndGlobalSection
	GlobalSection(ProjectConfigurationPlatforms) = postSolution
		{4F8C9EAD-14DD-4E12-A820-A0FA9A8CCE56}.Debug|Any CPU.ActiveCfg = Debug|Any CPU
		{4F8C9EAD-14DD-4E12-A820-A0FA9A8CCE56}.Debug|Any CPU.Build.0 = Debug|Any CPU
		{4F8C9EAD-14DD-4E12-A820-A0FA9A8CCE56}.Release|Any CPU.ActiveCfg = Release|Any CPU
		{4F8C9EAD-14DD-4E12-A820-A0FA9A8CCE56}.Release|Any CPU.Build.0 = Release|Any CPU
		{FE6059B0-28CB-43B3-93CF-62E5EADC298C}.Debug|Any CPU.ActiveCfg = Debug|Any CPU
		{FE6059B0-28CB-43B3-93CF-62E5EADC298C}.Debug|Any CPU.Build.0 = Debug|Any CPU
		{FE6059B0-28CB-43B3-93CF-62E5EADC298C}.Release|Any CPU.ActiveCfg = Release|Any CPU
		{FE6059B0-28CB-43B3-93CF-62E5EADC298C}.Release|Any CPU.Build.0 = Release|Any CPU
		{813D4406-0D0D-4FDA-8881-59A229A3291A}.Debug|Any CPU.ActiveCfg = Debug|Any CPU
		{813D4406-0D0D-4FDA-8881-59A229A3291A}.Debug|Any CPU.Build.0 = Debug|Any CPU
		{813D4406-0D0D-4FDA-8881-59A229A3291A}.Release|Any CPU.ActiveCfg = Release|Any CPU
		{813D4406-0D0D-4FDA-8881-59A229A3291A}.Release|Any CPU.Build.0 = Release|Any CPU
	EndGlobalSection
	GlobalSection(SolutionProperties) = preSolution
		HideSolutionNode = FALSE
	EndGlobalSection
	GlobalSection(ExtensibilityGlobals) = postSolution
		SolutionGuid = {89F38357-0B4E-4038-AA4B-9197C8405956}
	EndGlobalSection
EndGlobal
